
Microsoft Visual Studio Solution File, Format Version 12.00
# Visual Studio 2013
VisualStudioVersion = 12.0.31101.0
MinimumVisualStudioVersion = 10.0.40219.1
Project("{FAE04EC0-301F-11D3-BF4B-00C04F79EFBC}") = "ACM.Win", "ACM.Win\ACM.Win.csproj", "{F911FB83-84EC-42C9-B33D-05BB47AE2E55}"
EndProject
Project("{FAE04EC0-301F-11D3-BF4B-00C04F79EFBC}") = "ACM.BL", "ACM.BL\ACM.BL.csproj", "{B683EAE1-2739-40A0-89A6-97599836A94C}"
EndProject
Project("{FAE04EC0-301F-11D3-BF4B-00C04F79EFBC}") = "ACM.Repository", "ACM.Repository\ACM.Repository.csproj", "{FB458E95-9972-4A07-9F6B-EEA5A13455D9}"
EndProject
Project("{FAE04EC0-301F-11D3-BF4B-00C04F79EFBC}") = "Core.Common", "Core.Common\Core.Common.csproj", "{8EEBE90C-EBEF-4DE3-AEE5-3F95C6E3C8A4}"
EndProject
Project("{FAE04EC0-301F-11D3-BF4B-00C04F79EFBC}") = "ACM.Controller", "ACM.Controller\ACM.Controller.csproj", "{B1F9F379-105E-4EC6-92ED-978EB57D1AE5}"
EndProject
Global
	GlobalSection(SolutionConfigurationPlatforms) = preSolution
		Debug|Any CPU = Debug|Any CPU
		Release|Any CPU = Release|Any CPU
	EndGlobalSection
	GlobalSection(ProjectConfigurationPlatforms) = postSolution
		{F911FB83-84EC-42C9-B33D-05BB47AE2E55}.Debug|Any CPU.ActiveCfg = Debug|Any CPU
		{F911FB83-84EC-42C9-B33D-05BB47AE2E55}.Debug|Any CPU.Build.0 = Debug|Any CPU
		{F911FB83-84EC-42C9-B33D-05BB47AE2E55}.Release|Any CPU.ActiveCfg = Release|Any CPU
		{F911FB83-84EC-42C9-B33D-05BB47AE2E55}.Release|Any CPU.Build.0 = Release|Any CPU
		{B683EAE1-2739-40A0-89A6-97599836A94C}.Debug|Any CPU.ActiveCfg = Debug|Any CPU
		{B683EAE1-2739-40A0-89A6-97599836A94C}.Debug|Any CPU.Build.0 = Debug|Any CPU
		{B683EAE1-2739-40A0-89A6-97599836A94C}.Release|Any CPU.ActiveCfg = Release|Any CPU
		{B683EAE1-2739-40A0-89A6-97599836A94C}.Release|Any CPU.Build.0 = Release|Any CPU
		{FB458E95-9972-4A07-9F6B-EEA5A13455D9}.Debug|Any CPU.ActiveCfg = Debug|Any CPU
		{FB458E95-9972-4A07-9F6B-EEA5A13455D9}.Debug|Any CPU.Build.0 = Debug|Any CPU
		{FB458E95-9972-4A07-9F6B-EEA5A13455D9}.Release|Any CPU.ActiveCfg = Release|Any CPU
		{FB458E95-9972-4A07-9F6B-EEA5A13455D9}.Release|Any CPU.Build.0 = Release|Any CPU
		{8EEBE90C-EBEF-4DE3-AEE5-3F95C6E3C8A4}.Debug|Any CPU.ActiveCfg = Debug|Any CPU
		{8EEBE90C-EBEF-4DE3-AEE5-3F95C6E3C8A4}.Debug|Any CPU.Build.0 = Debug|Any CPU
		{8EEBE90C-EBEF-4DE3-AEE5-3F95C6E3C8A4}.Release|Any CPU.ActiveCfg = Release|Any CPU
		{8EEBE90C-EBEF-4DE3-AEE5-3F95C6E3C8A4}.Release|Any CPU.Build.0 = Release|Any CPU
		{B1F9F379-105E-4EC6-92ED-978EB57D1AE5}.Debug|Any CPU.ActiveCfg = Debug|Any CPU
		{B1F9F379-105E-4EC6-92ED-978EB57D1AE5}.Debug|Any CPU.Build.0 = Debug|Any CPU
		{B1F9F379-105E-4EC6-92ED-978EB57D1AE5}.Release|Any CPU.ActiveCfg = Release|Any CPU
		{B1F9F379-105E-4EC6-92ED-978EB57D1AE5}.Release|Any CPU.Build.0 = Release|Any CPU
	EndGlobalSection
	GlobalSection(SolutionProperties) = preSolution
		HideSolutionNode = FALSE
	EndGlobalSection
EndGlobal
